
Microsoft Visual Studio Solution File, Format Version 12.00
# Visual Studio Version 17
VisualStudioVersion = 17.0.32126.317
MinimumVisualStudioVersion = 10.0.40219.1
Project("{9A19103F-16F7-4668-BE54-9A1E7A4F7556}") = "GuitarCenterGearFinder", "GuitarCenterGearFinder.csproj", "{29F70C04-0E37-4C9F-A715-C03DEC05C357}"
EndProject
Global
	GlobalSection(SolutionConfigurationPlatforms) = preSolution
		Debug|Any CPU = Debug|Any CPU
		Release|Any CPU = Release|Any CPU
	EndGlobalSection
	GlobalSection(ProjectConfigurationPlatforms) = postSolution
		{29F70C04-0E37-4C9F-A715-C03DEC05C357}.Debug|Any CPU.ActiveCfg = Debug|Any CPU
		{29F70C04-0E37-4C9F-A715-C03DEC05C357}.Debug|Any CPU.Build.0 = Debug|Any CPU
		{29F70C04-0E37-4C9F-A715-C03DEC05C357}.Release|Any CPU.ActiveCfg = Release|Any CPU
		{29F70C04-0E37-4C9F-A715-C03DEC05C357}.Release|Any CPU.Build.0 = Release|Any CPU
	EndGlobalSection
	GlobalSection(SolutionProperties) = preSolution
		HideSolutionNode = FALSE
	EndGlobalSection
	GlobalSection(ExtensibilityGlobals) = postSolution
		SolutionGuid = {EB458F38-992B-4377-8E2A-C7A39F512BC8}
	EndGlobalSection
EndGlobal
